
Microsoft Visual Studio Solution File, Format Version 12.00
# Visual Studio 14
VisualStudioVersion = 14.0.25420.1
MinimumVisualStudioVersion = 10.0.40219.1
Project("{FAE04EC0-301F-11D3-BF4B-00C04F79EFBC}") = "Features", "Features\Features.csproj", "{60E531A8-0EC9-47E1-95F4-C2C5A8B45EB4}"
EndProject
Project("{FAE04EC0-301F-11D3-BF4B-00C04F79EFBC}") = "Queries", "Queries\Queries.csproj", "{F4E8584E-8B16-484A-A7A7-A1F18FF5D2E8}"
EndProject
Project("{FAE04EC0-301F-11D3-BF4B-00C04F79EFBC}") = "Cars", "Cars\Cars.csproj", "{F3D715E6-8C5A-434E-B6E1-65999DCF8770}"
EndProject
Global
	GlobalSection(SolutionConfigurationPlatforms) = preSolution
		Debug|Any CPU = Debug|Any CPU
		Release|Any CPU = Release|Any CPU
	EndGlobalSection
	GlobalSection(ProjectConfigurationPlatforms) = postSolution
		{60E531A8-0EC9-47E1-95F4-C2C5A8B45EB4}.Debug|Any CPU.ActiveCfg = Debug|Any CPU
		{60E531A8-0EC9-47E1-95F4-C2C5A8B45EB4}.Debug|Any CPU.Build.0 = Debug|Any CPU
		{60E531A8-0EC9-47E1-95F4-C2C5A8B45EB4}.Release|Any CPU.ActiveCfg = Release|Any CPU
		{60E531A8-0EC9-47E1-95F4-C2C5A8B45EB4}.Release|Any CPU.Build.0 = Release|Any CPU
		{F4E8584E-8B16-484A-A7A7-A1F18FF5D2E8}.Debug|Any CPU.ActiveCfg = Debug|Any CPU
		{F4E8584E-8B16-484A-A7A7-A1F18FF5D2E8}.Debug|Any CPU.Build.0 = Debug|Any CPU
		{F4E8584E-8B16-484A-A7A7-A1F18FF5D2E8}.Release|Any CPU.ActiveCfg = Release|Any CPU
		{F4E8584E-8B16-484A-A7A7-A1F18FF5D2E8}.Release|Any CPU.Build.0 = Release|Any CPU
		{F3D715E6-8C5A-434E-B6E1-65999DCF8770}.Debug|Any CPU.ActiveCfg = Debug|Any CPU
		{F3D715E6-8C5A-434E-B6E1-65999DCF8770}.Debug|Any CPU.Build.0 = Debug|Any CPU
		{F3D715E6-8C5A-434E-B6E1-65999DCF8770}.Release|Any CPU.ActiveCfg = Release|Any CPU
		{F3D715E6-8C5A-434E-B6E1-65999DCF8770}.Release|Any CPU.Build.0 = Release|Any CPU
	EndGlobalSection
	GlobalSection(SolutionProperties) = preSolution
		HideSolutionNode = FALSE
	EndGlobalSection
EndGlobal
